
Microsoft Visual Studio Solution File, Format Version 12.00
# Visual Studio Version 16
VisualStudioVersion = 16.0.30517.126
MinimumVisualStudioVersion = 10.0.40219.1
Project("{FAE04EC0-301F-11D3-BF4B-00C04F79EFBC}") = "Portfolio", "Portfolio.csproj", "{BE18B554-E46F-4841-99C4-FEA8FCD7524C}"
EndProject
Global
	GlobalSection(SolutionConfigurationPlatforms) = preSolution
		Debug|Any CPU = Debug|Any CPU
		Release|Any CPU = Release|Any CPU
	EndGlobalSection
	GlobalSection(ProjectConfigurationPlatforms) = postSolution
		{BE18B554-E46F-4841-99C4-FEA8FCD7524C}.Debug|Any CPU.ActiveCfg = Debug|Any CPU
		{BE18B554-E46F-4841-99C4-FEA8FCD7524C}.Debug|Any CPU.Build.0 = Debug|Any CPU
		{BE18B554-E46F-4841-99C4-FEA8FCD7524C}.Release|Any CPU.ActiveCfg = Release|Any CPU
		{BE18B554-E46F-4841-99C4-FEA8FCD7524C}.Release|Any CPU.Build.0 = Release|Any CPU
	EndGlobalSection
	GlobalSection(SolutionProperties) = preSolution
		HideSolutionNode = FALSE
	EndGlobalSection
	GlobalSection(ExtensibilityGlobals) = postSolution
		SolutionGuid = {2324F5CA-6332-4D2A-97A2-007B77A27406}
	EndGlobalSection
EndGlobal
